{
  "name": "tent-estudiantes-v2",
  "lockfileVersion": 3,
  "requires": true,
  "packages": {
    "": {
      "devDependencies": {
        "vite-plugin-remove-console": "^2.2.0"
      }
    },
    "node_modules/vite-plugin-remove-console": {
      "version": "2.2.0",
      "resolved": "https://registry.npmjs.org/vite-plugin-remove-console/-/vite-plugin-remove-console-2.2.0.tgz",
      "integrity": "sha512-qgjh5pz75MdE9Kzs8J0kBwaCfifHV0ezRbB9rpGsIOxam+ilcGV7WOk91vFJXquzRmiKrFh3Hxlh0JJWAmXTbQ==",
      "dev": true,
      "license": "MIT"
    }
  }
}
